
Microsoft Visual Studio Solution File, Format Version 12.00
# Visual Studio 15
VisualStudioVersion = 15.0.27130.2036
MinimumVisualStudioVersion = 10.0.40219.1
Project("{9A19103F-16F7-4668-BE54-9A1E7A4F7556}") = "01.Shapes", "01.Shapes\01.Shapes.csproj", "{C11C1ADC-2CB9-4B25-8842-C2769EFCF0C9}"
EndProject
Project("{9A19103F-16F7-4668-BE54-9A1E7A4F7556}") = "02.Cars", "02.Cars\02.Cars.csproj", "{CE41F165-D7F1-40DF-8AFC-172102A773CA}"
EndProject
Project("{9A19103F-16F7-4668-BE54-9A1E7A4F7556}") = "01. Define an Interface IPerson", "01. Define an Interface IPerson\01. Define an Interface IPerson.csproj", "{B9F6DA24-88B8-412F-AF58-B7263A8196C9}"
EndProject
Project("{9A19103F-16F7-4668-BE54-9A1E7A4F7556}") = "02.MultipleImplementation", "02.MultipleImplementation\02.MultipleImplementation.csproj", "{FE0386EB-B2D6-4816-A0DB-0C67599B6DE9}"
EndProject
Project("{9A19103F-16F7-4668-BE54-9A1E7A4F7556}") = "03. Ferrari", "03. Ferrari\03. Ferrari.csproj", "{768AEFF6-6971-47E0-BF4E-BC2B760009A3}"
EndProject
Project("{9A19103F-16F7-4668-BE54-9A1E7A4F7556}") = "04.Telephony", "04.Telephony\04.Telephony.csproj", "{BE6F9878-16FE-42D4-9968-9C2835A7893C}"
EndProject
Project("{9A19103F-16F7-4668-BE54-9A1E7A4F7556}") = "05.BorderControl", "05.BorderControl\05.BorderControl.csproj", "{509C9CD2-DB52-41F5-A13E-9A3C011F470F}"
EndProject
Project("{9A19103F-16F7-4668-BE54-9A1E7A4F7556}") = "08.MilitaryElite", "08.MilitaryElite\08.MilitaryElite.csproj", "{C3380D62-FC4F-4F0B-96E6-60574BC80971}"
EndProject
Project("{FAE04EC0-301F-11D3-BF4B-00C04F79EFBC}") = "09.CollectionHierarchy", "09.CollectionHierarchy\09.CollectionHierarchy.csproj", "{A5982657-AF78-4D5C-8BDE-CB84E48589CD}"
EndProject
Project("{FAE04EC0-301F-11D3-BF4B-00C04F79EFBC}") = "10.ExplicitInterfaces", "10.ExplicitInterfaces\10.ExplicitInterfaces.csproj", "{43D7D41A-4FDF-4D94-BBCA-F949E6195AF5}"
EndProject
Global
	GlobalSection(SolutionConfigurationPlatforms) = preSolution
		Debug|Any CPU = Debug|Any CPU
		Release|Any CPU = Release|Any CPU
	EndGlobalSection
	GlobalSection(ProjectConfigurationPlatforms) = postSolution
		{C11C1ADC-2CB9-4B25-8842-C2769EFCF0C9}.Debug|Any CPU.ActiveCfg = Debug|Any CPU
		{C11C1ADC-2CB9-4B25-8842-C2769EFCF0C9}.Debug|Any CPU.Build.0 = Debug|Any CPU
		{C11C1ADC-2CB9-4B25-8842-C2769EFCF0C9}.Release|Any CPU.ActiveCfg = Release|Any CPU
		{C11C1ADC-2CB9-4B25-8842-C2769EFCF0C9}.Release|Any CPU.Build.0 = Release|Any CPU
		{CE41F165-D7F1-40DF-8AFC-172102A773CA}.Debug|Any CPU.ActiveCfg = Debug|Any CPU
		{CE41F165-D7F1-40DF-8AFC-172102A773CA}.Debug|Any CPU.Build.0 = Debug|Any CPU
		{CE41F165-D7F1-40DF-8AFC-172102A773CA}.Release|Any CPU.ActiveCfg = Release|Any CPU
		{CE41F165-D7F1-40DF-8AFC-172102A773CA}.Release|Any CPU.Build.0 = Release|Any CPU
		{B9F6DA24-88B8-412F-AF58-B7263A8196C9}.Debug|Any CPU.ActiveCfg = Debug|Any CPU
		{B9F6DA24-88B8-412F-AF58-B7263A8196C9}.Debug|Any CPU.Build.0 = Debug|Any CPU
		{B9F6DA24-88B8-412F-AF58-B7263A8196C9}.Release|Any CPU.ActiveCfg = Release|Any CPU
		{B9F6DA24-88B8-412F-AF58-B7263A8196C9}.Release|Any CPU.Build.0 = Release|Any CPU
		{FE0386EB-B2D6-4816-A0DB-0C67599B6DE9}.Debug|Any CPU.ActiveCfg = Debug|Any CPU
		{FE0386EB-B2D6-4816-A0DB-0C67599B6DE9}.Debug|Any CPU.Build.0 = Debug|Any CPU
		{FE0386EB-B2D6-4816-A0DB-0C67599B6DE9}.Release|Any CPU.ActiveCfg = Release|Any CPU
		{FE0386EB-B2D6-4816-A0DB-0C67599B6DE9}.Release|Any CPU.Build.0 = Release|Any CPU
		{768AEFF6-6971-47E0-BF4E-BC2B760009A3}.Debug|Any CPU.ActiveCfg = Debug|Any CPU
		{768AEFF6-6971-47E0-BF4E-BC2B760009A3}.Debug|Any CPU.Build.0 = Debug|Any CPU
		{768AEFF6-6971-47E0-BF4E-BC2B760009A3}.Release|Any CPU.ActiveCfg = Release|Any CPU
		{768AEFF6-6971-47E0-BF4E-BC2B760009A3}.Release|Any CPU.Build.0 = Release|Any CPU
		{BE6F9878-16FE-42D4-9968-9C2835A7893C}.Debug|Any CPU.ActiveCfg = Debug|Any CPU
		{BE6F9878-16FE-42D4-9968-9C2835A7893C}.Debug|Any CPU.Build.0 = Debug|Any CPU
		{BE6F9878-16FE-42D4-9968-9C2835A7893C}.Release|Any CPU.ActiveCfg = Release|Any CPU
		{BE6F9878-16FE-42D4-9968-9C2835A7893C}.Release|Any CPU.Build.0 = Release|Any CPU
		{509C9CD2-DB52-41F5-A13E-9A3C011F470F}.Debug|Any CPU.ActiveCfg = Debug|Any CPU
		{509C9CD2-DB52-41F5-A13E-9A3C011F470F}.Debug|Any CPU.Build.0 = Debug|Any CPU
		{509C9CD2-DB52-41F5-A13E-9A3C011F470F}.Release|Any CPU.ActiveCfg = Release|Any CPU
		{509C9CD2-DB52-41F5-A13E-9A3C011F470F}.Release|Any CPU.Build.0 = Release|Any CPU
		{C3380D62-FC4F-4F0B-96E6-60574BC80971}.Debug|Any CPU.ActiveCfg = Debug|Any CPU
		{C3380D62-FC4F-4F0B-96E6-60574BC80971}.Debug|Any CPU.Build.0 = Debug|Any CPU
		{C3380D62-FC4F-4F0B-96E6-60574BC80971}.Release|Any CPU.ActiveCfg = Release|Any CPU
		{C3380D62-FC4F-4F0B-96E6-60574BC80971}.Release|Any CPU.Build.0 = Release|Any CPU
		{A5982657-AF78-4D5C-8BDE-CB84E48589CD}.Debug|Any CPU.ActiveCfg = Debug|Any CPU
		{A5982657-AF78-4D5C-8BDE-CB84E48589CD}.Debug|Any CPU.Build.0 = Debug|Any CPU
		{A5982657-AF78-4D5C-8BDE-CB84E48589CD}.Release|Any CPU.ActiveCfg = Release|Any CPU
		{A5982657-AF78-4D5C-8BDE-CB84E48589CD}.Release|Any CPU.Build.0 = Release|Any CPU
		{43D7D41A-4FDF-4D94-BBCA-F949E6195AF5}.Debug|Any CPU.ActiveCfg = Debug|Any CPU
		{43D7D41A-4FDF-4D94-BBCA-F949E6195AF5}.Debug|Any CPU.Build.0 = Debug|Any CPU
		{43D7D41A-4FDF-4D94-BBCA-F949E6195AF5}.Release|Any CPU.ActiveCfg = Release|Any CPU
		{43D7D41A-4FDF-4D94-BBCA-F949E6195AF5}.Release|Any CPU.Build.0 = Release|Any CPU
	EndGlobalSection
	GlobalSection(SolutionProperties) = preSolution
		HideSolutionNode = FALSE
	EndGlobalSection
	GlobalSection(ExtensibilityGlobals) = postSolution
		SolutionGuid = {492A48A9-010B-4C37-8461-BCD5089CBBF9}
	EndGlobalSection
EndGlobal
