
Microsoft Visual Studio Solution File, Format Version 12.00
# Visual Studio 15
VisualStudioVersion = 15.0.27130.2036
MinimumVisualStudioVersion = 10.0.40219.1
Project("{FAE04EC0-301F-11D3-BF4B-00C04F79EFBC}") = "Minedraft", "Minedraft\Minedraft.csproj", "{E3D9F26B-D166-4023-82AD-47BB7076AF54}"
EndProject
Project("{FAE04EC0-301F-11D3-BF4B-00C04F79EFBC}") = "MinedraftFW", "MinedraftFW\MinedraftFW.csproj", "{73008C16-E9EA-4E8B-96E6-1EC00D071A0E}"
EndProject
Global
	GlobalSection(SolutionConfigurationPlatforms) = preSolution
		Debug|Any CPU = Debug|Any CPU
		Release|Any CPU = Release|Any CPU
	EndGlobalSection
	GlobalSection(ProjectConfigurationPlatforms) = postSolution
		{E3D9F26B-D166-4023-82AD-47BB7076AF54}.Debug|Any CPU.ActiveCfg = Debug|Any CPU
		{E3D9F26B-D166-4023-82AD-47BB7076AF54}.Debug|Any CPU.Build.0 = Debug|Any CPU
		{E3D9F26B-D166-4023-82AD-47BB7076AF54}.Release|Any CPU.ActiveCfg = Release|Any CPU
		{E3D9F26B-D166-4023-82AD-47BB7076AF54}.Release|Any CPU.Build.0 = Release|Any CPU
		{73008C16-E9EA-4E8B-96E6-1EC00D071A0E}.Debug|Any CPU.ActiveCfg = Debug|Any CPU
		{73008C16-E9EA-4E8B-96E6-1EC00D071A0E}.Debug|Any CPU.Build.0 = Debug|Any CPU
		{73008C16-E9EA-4E8B-96E6-1EC00D071A0E}.Release|Any CPU.ActiveCfg = Release|Any CPU
		{73008C16-E9EA-4E8B-96E6-1EC00D071A0E}.Release|Any CPU.Build.0 = Release|Any CPU
	EndGlobalSection
	GlobalSection(SolutionProperties) = preSolution
		HideSolutionNode = FALSE
	EndGlobalSection
	GlobalSection(ExtensibilityGlobals) = postSolution
		SolutionGuid = {AEA7F286-7714-4261-AC27-642BC24B1DAC}
	EndGlobalSection
EndGlobal
