
Microsoft Visual Studio Solution File, Format Version 12.00
# Visual Studio 15
VisualStudioVersion = 15.0.26730.16
MinimumVisualStudioVersion = 10.0.40219.1
Project("{9A19103F-16F7-4668-BE54-9A1E7A4F7556}") = "01. Bank Account", "01. Bank Account\01. Bank Account.csproj", "{2E6D9070-4D91-4A24-9339-8A67DEC2CE5F}"
EndProject
Project("{FAE04EC0-301F-11D3-BF4B-00C04F79EFBC}") = "01. BankAccount .NET FW", "01. BankAccount .NET FW\01. BankAccount .NET FW.csproj", "{56C9047A-E25D-4157-A82B-0CE7410A0958}"
EndProject
Project("{FAE04EC0-301F-11D3-BF4B-00C04F79EFBC}") = "01. Define a Class Person", "01. Define a Class Person\01. Define a Class Person.csproj", "{39ABEC27-55A8-4126-A186-F075170B5416}"
EndProject
Project("{FAE04EC0-301F-11D3-BF4B-00C04F79EFBC}") = "07. Speed Racing", "07. Speed Racing\07. Speed Racing.csproj", "{38B233B4-58C5-4642-9AFC-461C12ECDC14}"
EndProject
Project("{FAE04EC0-301F-11D3-BF4B-00C04F79EFBC}") = "08. Raw Data", "08. Raw Data\08. Raw Data.csproj", "{E8170635-04FB-43F3-9F28-462C8B566BCA}"
EndProject
Project("{FAE04EC0-301F-11D3-BF4B-00C04F79EFBC}") = "09. Rectangle Intersection", "09. Rectangle Intersection\09. Rectangle Intersection.csproj", "{B06C6F95-8A5F-41FD-9A87-4A104575E2F8}"
EndProject
Project("{FAE04EC0-301F-11D3-BF4B-00C04F79EFBC}") = "10. Car Salesman", "10. Car Salesman\10. Car Salesman.csproj", "{4FBDC651-11F2-4E98-AB7C-F40AF4563661}"
EndProject
Project("{FAE04EC0-301F-11D3-BF4B-00C04F79EFBC}") = "11. Pokemon Trainer", "11. Pokemon Trainer\11. Pokemon Trainer.csproj", "{39191123-AC59-4C9B-9F62-12E9D09A30E2}"
EndProject
Project("{FAE04EC0-301F-11D3-BF4B-00C04F79EFBC}") = "12. Google", "12. Google\12. Google.csproj", "{ECBB9435-804C-40DB-B92A-501E6660332A}"
EndProject
Project("{FAE04EC0-301F-11D3-BF4B-00C04F79EFBC}") = "13. Family Tree", "13. Family Tree\13. Family Tree.csproj", "{CBE9524F-9C17-45C8-8D19-F0AAEB9D9811}"
EndProject
Project("{FAE04EC0-301F-11D3-BF4B-00C04F79EFBC}") = "14. Cat Lady", "14. Cat Lady\14. Cat Lady.csproj", "{96F9D3EC-E7DA-49F9-AE96-00D2F43D18D4}"
EndProject
Project("{FAE04EC0-301F-11D3-BF4B-00C04F79EFBC}") = "15. Drawing Tool", "15. Drawing Tool\15. Drawing Tool.csproj", "{F73E5073-1B67-4006-BFCF-C89BACF005F3}"
EndProject
Global
	GlobalSection(SolutionConfigurationPlatforms) = preSolution
		Debug|Any CPU = Debug|Any CPU
		Release|Any CPU = Release|Any CPU
	EndGlobalSection
	GlobalSection(ProjectConfigurationPlatforms) = postSolution
		{2E6D9070-4D91-4A24-9339-8A67DEC2CE5F}.Debug|Any CPU.ActiveCfg = Debug|Any CPU
		{2E6D9070-4D91-4A24-9339-8A67DEC2CE5F}.Debug|Any CPU.Build.0 = Debug|Any CPU
		{2E6D9070-4D91-4A24-9339-8A67DEC2CE5F}.Release|Any CPU.ActiveCfg = Release|Any CPU
		{2E6D9070-4D91-4A24-9339-8A67DEC2CE5F}.Release|Any CPU.Build.0 = Release|Any CPU
		{56C9047A-E25D-4157-A82B-0CE7410A0958}.Debug|Any CPU.ActiveCfg = Debug|Any CPU
		{56C9047A-E25D-4157-A82B-0CE7410A0958}.Debug|Any CPU.Build.0 = Debug|Any CPU
		{56C9047A-E25D-4157-A82B-0CE7410A0958}.Release|Any CPU.ActiveCfg = Release|Any CPU
		{56C9047A-E25D-4157-A82B-0CE7410A0958}.Release|Any CPU.Build.0 = Release|Any CPU
		{39ABEC27-55A8-4126-A186-F075170B5416}.Debug|Any CPU.ActiveCfg = Debug|Any CPU
		{39ABEC27-55A8-4126-A186-F075170B5416}.Debug|Any CPU.Build.0 = Debug|Any CPU
		{39ABEC27-55A8-4126-A186-F075170B5416}.Release|Any CPU.ActiveCfg = Release|Any CPU
		{39ABEC27-55A8-4126-A186-F075170B5416}.Release|Any CPU.Build.0 = Release|Any CPU
		{38B233B4-58C5-4642-9AFC-461C12ECDC14}.Debug|Any CPU.ActiveCfg = Debug|Any CPU
		{38B233B4-58C5-4642-9AFC-461C12ECDC14}.Debug|Any CPU.Build.0 = Debug|Any CPU
		{38B233B4-58C5-4642-9AFC-461C12ECDC14}.Release|Any CPU.ActiveCfg = Release|Any CPU
		{38B233B4-58C5-4642-9AFC-461C12ECDC14}.Release|Any CPU.Build.0 = Release|Any CPU
		{E8170635-04FB-43F3-9F28-462C8B566BCA}.Debug|Any CPU.ActiveCfg = Debug|Any CPU
		{E8170635-04FB-43F3-9F28-462C8B566BCA}.Debug|Any CPU.Build.0 = Debug|Any CPU
		{E8170635-04FB-43F3-9F28-462C8B566BCA}.Release|Any CPU.ActiveCfg = Release|Any CPU
		{E8170635-04FB-43F3-9F28-462C8B566BCA}.Release|Any CPU.Build.0 = Release|Any CPU
		{B06C6F95-8A5F-41FD-9A87-4A104575E2F8}.Debug|Any CPU.ActiveCfg = Debug|Any CPU
		{B06C6F95-8A5F-41FD-9A87-4A104575E2F8}.Debug|Any CPU.Build.0 = Debug|Any CPU
		{B06C6F95-8A5F-41FD-9A87-4A104575E2F8}.Release|Any CPU.ActiveCfg = Release|Any CPU
		{B06C6F95-8A5F-41FD-9A87-4A104575E2F8}.Release|Any CPU.Build.0 = Release|Any CPU
		{4FBDC651-11F2-4E98-AB7C-F40AF4563661}.Debug|Any CPU.ActiveCfg = Debug|Any CPU
		{4FBDC651-11F2-4E98-AB7C-F40AF4563661}.Debug|Any CPU.Build.0 = Debug|Any CPU
		{4FBDC651-11F2-4E98-AB7C-F40AF4563661}.Release|Any CPU.ActiveCfg = Release|Any CPU
		{4FBDC651-11F2-4E98-AB7C-F40AF4563661}.Release|Any CPU.Build.0 = Release|Any CPU
		{39191123-AC59-4C9B-9F62-12E9D09A30E2}.Debug|Any CPU.ActiveCfg = Debug|Any CPU
		{39191123-AC59-4C9B-9F62-12E9D09A30E2}.Debug|Any CPU.Build.0 = Debug|Any CPU
		{39191123-AC59-4C9B-9F62-12E9D09A30E2}.Release|Any CPU.ActiveCfg = Release|Any CPU
		{39191123-AC59-4C9B-9F62-12E9D09A30E2}.Release|Any CPU.Build.0 = Release|Any CPU
		{ECBB9435-804C-40DB-B92A-501E6660332A}.Debug|Any CPU.ActiveCfg = Debug|Any CPU
		{ECBB9435-804C-40DB-B92A-501E6660332A}.Debug|Any CPU.Build.0 = Debug|Any CPU
		{ECBB9435-804C-40DB-B92A-501E6660332A}.Release|Any CPU.ActiveCfg = Release|Any CPU
		{ECBB9435-804C-40DB-B92A-501E6660332A}.Release|Any CPU.Build.0 = Release|Any CPU
		{CBE9524F-9C17-45C8-8D19-F0AAEB9D9811}.Debug|Any CPU.ActiveCfg = Debug|Any CPU
		{CBE9524F-9C17-45C8-8D19-F0AAEB9D9811}.Debug|Any CPU.Build.0 = Debug|Any CPU
		{CBE9524F-9C17-45C8-8D19-F0AAEB9D9811}.Release|Any CPU.ActiveCfg = Release|Any CPU
		{CBE9524F-9C17-45C8-8D19-F0AAEB9D9811}.Release|Any CPU.Build.0 = Release|Any CPU
		{96F9D3EC-E7DA-49F9-AE96-00D2F43D18D4}.Debug|Any CPU.ActiveCfg = Debug|Any CPU
		{96F9D3EC-E7DA-49F9-AE96-00D2F43D18D4}.Debug|Any CPU.Build.0 = Debug|Any CPU
		{96F9D3EC-E7DA-49F9-AE96-00D2F43D18D4}.Release|Any CPU.ActiveCfg = Release|Any CPU
		{96F9D3EC-E7DA-49F9-AE96-00D2F43D18D4}.Release|Any CPU.Build.0 = Release|Any CPU
		{F73E5073-1B67-4006-BFCF-C89BACF005F3}.Debug|Any CPU.ActiveCfg = Debug|Any CPU
		{F73E5073-1B67-4006-BFCF-C89BACF005F3}.Debug|Any CPU.Build.0 = Debug|Any CPU
		{F73E5073-1B67-4006-BFCF-C89BACF005F3}.Release|Any CPU.ActiveCfg = Release|Any CPU
		{F73E5073-1B67-4006-BFCF-C89BACF005F3}.Release|Any CPU.Build.0 = Release|Any CPU
	EndGlobalSection
	GlobalSection(SolutionProperties) = preSolution
		HideSolutionNode = FALSE
	EndGlobalSection
	GlobalSection(ExtensibilityGlobals) = postSolution
		SolutionGuid = {C797EB3A-6D1C-4047-B4D2-27600D9CB5CE}
	EndGlobalSection
EndGlobal
